
Microsoft Visual Studio Solution File, Format Version 12.00
# Visual Studio Version 18
VisualStudioVersion = 18.3.11505.172
MinimumVisualStudioVersion = 10.0.40219.1
Project("{FAE04EC0-301F-11D3-BF4B-00C04F79EFBC}") = "Poke_Connector", "Poke_Connector\Poke_Connector.csproj", "{08CBAE12-FD67-4EA9-BAE8-4040A234C373}"
EndProject
Project("{FAE04EC0-301F-11D3-BF4B-00C04F79EFBC}") = "Logic", "Logic\Logic.csproj", "{1278FDC4-EE38-4E2F-86F8-C3227E6F652F}"
EndProject
Project("{FAE04EC0-301F-11D3-BF4B-00C04F79EFBC}") = "WebApp", "WebApp\WebApp.csproj", "{3215F6CF-A442-1C21-6AD3-94ED23F4EBA5}"
EndProject
Global
	GlobalSection(SolutionConfigurationPlatforms) = preSolution
		Debug|Any CPU = Debug|Any CPU
		Release|Any CPU = Release|Any CPU
	EndGlobalSection
	GlobalSection(ProjectConfigurationPlatforms) = postSolution
		{08CBAE12-FD67-4EA9-BAE8-4040A234C373}.Debug|Any CPU.ActiveCfg = Debug|Any CPU
		{08CBAE12-FD67-4EA9-BAE8-4040A234C373}.Debug|Any CPU.Build.0 = Debug|Any CPU
		{08CBAE12-FD67-4EA9-BAE8-4040A234C373}.Release|Any CPU.ActiveCfg = Release|Any CPU
		{08CBAE12-FD67-4EA9-BAE8-4040A234C373}.Release|Any CPU.Build.0 = Release|Any CPU
		{1278FDC4-EE38-4E2F-86F8-C3227E6F652F}.Debug|Any CPU.ActiveCfg = Debug|Any CPU
		{1278FDC4-EE38-4E2F-86F8-C3227E6F652F}.Debug|Any CPU.Build.0 = Debug|Any CPU
		{1278FDC4-EE38-4E2F-86F8-C3227E6F652F}.Release|Any CPU.ActiveCfg = Release|Any CPU
		{1278FDC4-EE38-4E2F-86F8-C3227E6F652F}.Release|Any CPU.Build.0 = Release|Any CPU
		{3215F6CF-A442-1C21-6AD3-94ED23F4EBA5}.Debug|Any CPU.ActiveCfg = Debug|Any CPU
		{3215F6CF-A442-1C21-6AD3-94ED23F4EBA5}.Debug|Any CPU.Build.0 = Debug|Any CPU
		{3215F6CF-A442-1C21-6AD3-94ED23F4EBA5}.Release|Any CPU.ActiveCfg = Release|Any CPU
		{3215F6CF-A442-1C21-6AD3-94ED23F4EBA5}.Release|Any CPU.Build.0 = Release|Any CPU
	EndGlobalSection
	GlobalSection(SolutionProperties) = preSolution
		HideSolutionNode = FALSE
	EndGlobalSection
	GlobalSection(ExtensibilityGlobals) = postSolution
		SolutionGuid = {FD6D8936-F2EF-4414-BA6F-44D097458E2F}
	EndGlobalSection
EndGlobal
